
Microsoft Visual Studio Solution File, Format Version 10.00
# Visual Studio 2008
Project("{2150E333-8FDC-42A3-9474-1A3956D46DE8}") = "Solution Items", "Solution Items", "{086DCAFC-A4CE-4BE3-9399-FF0C3568291B}"
	ProjectSection(SolutionItems) = preProject
		Ideas.txt = Ideas.txt
		README.txt = README.txt
	EndProjectSection
EndProject
Project("{FAE04EC0-301F-11D3-BF4B-00C04F79EFBC}") = "SimpleLinq", "SimpleLinq\SimpleLinq.csproj", "{386389A1-B069-4A02-AF21-EBE3D465B9E6}"
EndProject
Project("{FAE04EC0-301F-11D3-BF4B-00C04F79EFBC}") = "DataModel", "DataModel\DataModel.csproj", "{14B347B6-787F-4D7C-BF94-501AA10DBD18}"
EndProject
Project("{FAE04EC0-301F-11D3-BF4B-00C04F79EFBC}") = "ReportsApplication", "ReportsApplication\ReportsApplication.csproj", "{2035C75A-AAF4-4EB3-BFE9-46468A5735B9}"
EndProject
Project("{FAE04EC0-301F-11D3-BF4B-00C04F79EFBC}") = "ReportsConsoleApplication", "ReportsConsoleApplication\ReportsConsoleApplication.csproj", "{3AA90DC8-A1A2-49C7-AAEB-EA1CA585B270}"
EndProject
Project("{FAE04EC0-301F-11D3-BF4B-00C04F79EFBC}") = "AllKindsOfStuff", "AllKindsOfStuff\AllKindsOfStuff.csproj", "{858A9C33-179D-4F76-A36B-2989244E4D37}"
EndProject
Project("{FAE04EC0-301F-11D3-BF4B-00C04F79EFBC}") = "ComTest", "ComTest\ComTest.csproj", "{44287FEA-437F-4267-815C-6A0143AEC196}"
EndProject
Global
	GlobalSection(SolutionConfigurationPlatforms) = preSolution
		Debug|Any CPU = Debug|Any CPU
		Release|Any CPU = Release|Any CPU
	EndGlobalSection
	GlobalSection(ProjectConfigurationPlatforms) = postSolution
		{386389A1-B069-4A02-AF21-EBE3D465B9E6}.Debug|Any CPU.ActiveCfg = Debug|Any CPU
		{386389A1-B069-4A02-AF21-EBE3D465B9E6}.Debug|Any CPU.Build.0 = Debug|Any CPU
		{386389A1-B069-4A02-AF21-EBE3D465B9E6}.Release|Any CPU.ActiveCfg = Release|Any CPU
		{386389A1-B069-4A02-AF21-EBE3D465B9E6}.Release|Any CPU.Build.0 = Release|Any CPU
		{14B347B6-787F-4D7C-BF94-501AA10DBD18}.Debug|Any CPU.ActiveCfg = Debug|Any CPU
		{14B347B6-787F-4D7C-BF94-501AA10DBD18}.Debug|Any CPU.Build.0 = Debug|Any CPU
		{14B347B6-787F-4D7C-BF94-501AA10DBD18}.Release|Any CPU.ActiveCfg = Release|Any CPU
		{14B347B6-787F-4D7C-BF94-501AA10DBD18}.Release|Any CPU.Build.0 = Release|Any CPU
		{2035C75A-AAF4-4EB3-BFE9-46468A5735B9}.Debug|Any CPU.ActiveCfg = Debug|Any CPU
		{2035C75A-AAF4-4EB3-BFE9-46468A5735B9}.Debug|Any CPU.Build.0 = Debug|Any CPU
		{2035C75A-AAF4-4EB3-BFE9-46468A5735B9}.Release|Any CPU.ActiveCfg = Release|Any CPU
		{2035C75A-AAF4-4EB3-BFE9-46468A5735B9}.Release|Any CPU.Build.0 = Release|Any CPU
		{3AA90DC8-A1A2-49C7-AAEB-EA1CA585B270}.Debug|Any CPU.ActiveCfg = Debug|Any CPU
		{3AA90DC8-A1A2-49C7-AAEB-EA1CA585B270}.Debug|Any CPU.Build.0 = Debug|Any CPU
		{3AA90DC8-A1A2-49C7-AAEB-EA1CA585B270}.Release|Any CPU.ActiveCfg = Release|Any CPU
		{3AA90DC8-A1A2-49C7-AAEB-EA1CA585B270}.Release|Any CPU.Build.0 = Release|Any CPU
		{858A9C33-179D-4F76-A36B-2989244E4D37}.Debug|Any CPU.ActiveCfg = Debug|Any CPU
		{858A9C33-179D-4F76-A36B-2989244E4D37}.Debug|Any CPU.Build.0 = Debug|Any CPU
		{858A9C33-179D-4F76-A36B-2989244E4D37}.Release|Any CPU.ActiveCfg = Release|Any CPU
		{858A9C33-179D-4F76-A36B-2989244E4D37}.Release|Any CPU.Build.0 = Release|Any CPU
		{44287FEA-437F-4267-815C-6A0143AEC196}.Debug|Any CPU.ActiveCfg = Debug|Any CPU
		{44287FEA-437F-4267-815C-6A0143AEC196}.Debug|Any CPU.Build.0 = Debug|Any CPU
		{44287FEA-437F-4267-815C-6A0143AEC196}.Release|Any CPU.ActiveCfg = Release|Any CPU
		{44287FEA-437F-4267-815C-6A0143AEC196}.Release|Any CPU.Build.0 = Release|Any CPU
	EndGlobalSection
	GlobalSection(SolutionProperties) = preSolution
		HideSolutionNode = FALSE
	EndGlobalSection
EndGlobal
